version = 1
revision = 1
requires-python = ">=3.11"

[[package]]
name = "certifi"
version = "2025.4.26"
source = { registry = "https://pypi.org/simple" }
sdist = { url = "https://files.pythonhosted.org/packages/e8/9e/c05b3920a3b7d20d3d3310465f50348e5b3694f4f88c6daf736eef3024c4/certifi-2025.4.26.tar.gz", hash = "sha256:0a816057ea3cdefcef70270d2c515e4506bbc954f417fa5ade2021213bb8f0c6", size = 160705 }
wheels = [
    { url = "https://files.pythonhosted.org/packages/4a/7e/3db2bd1b1f9e95f7cddca6d6e75e2f2bd9f51b1246e546d88addca0106bd/certifi-2025.4.26-py3-none-any.whl", hash = "sha256:30350364dfe371162649852c63336a15c70c6510c2ad5015b21c2345311805f3", size = 159618 },
]

[[package]]
name = "charset-normalizer"
version = "3.4.2"
source = { registry = "https://pypi.org/simple" }
sdist = { url = "https://files.pythonhosted.org/packages/e4/33/89c2ced2b67d1c2a61c19c6751aa8902d46ce3dacb23600a283619f5a12d/charset_normalizer-3.4.2.tar.gz", hash = "sha256:5baececa9ecba31eff645232d59845c07aa030f0c81ee70184a90d35099a0e63", size = 126367 }
wheels = [
    { url = "https://files.pythonhosted.org/packages/05/85/4c40d00dcc6284a1c1ad5de5e0996b06f39d8232f1031cd23c2f5c07ee86/charset_normalizer-3.4.2-cp311-cp311-macosx_10_9_universal2.whl", hash = "sha256:be1e352acbe3c78727a16a455126d9ff83ea2dfdcbc83148d2982305a04714c2", size = 198794 },
    { url = "https://files.pythonhosted.org/packages/41/d9/7a6c0b9db952598e97e93cbdfcb91bacd89b9b88c7c983250a77c008703c/charset_normalizer-3.4.2-cp311-cp311-manylinux_2_17_aarch64.manylinux2014_aarch64.whl", hash = "sha256:aa88ca0b1932e93f2d961bf3addbb2db902198dca337d88c89e1559e066e7645", size = 142846 },
    { url = "https://files.pythonhosted.org/packages/66/82/a37989cda2ace7e37f36c1a8ed16c58cf48965a79c2142713244bf945c89/charset_normalizer-3.4.2-cp311-cp311-manylinux_2_17_ppc64le.manylinux2014_ppc64le.whl", hash = "sha256:d524ba3f1581b35c03cb42beebab4a13e6cdad7b36246bd22541fa585a56cccd", size = 153350 },
    { url = "https://files.pythonhosted.org/packages/df/68/a576b31b694d07b53807269d05ec3f6f1093e9545e8607121995ba7a8313/charset_normalizer-3.4.2-cp311-cp311-manylinux_2_17_s390x.manylinux2014_s390x.whl", hash = "sha256:28a1005facc94196e1fb3e82a3d442a9d9110b8434fc1ded7a24a2983c9888d8", size = 145657 },
    { url = "https://files.pythonhosted.org/packages/92/9b/ad67f03d74554bed3aefd56fe836e1623a50780f7c998d00ca128924a499/charset_normalizer-3.4.2-cp311-cp311-manylinux_2_17_x86_64.manylinux2014_x86_64.whl", hash = "sha256:fdb20a30fe1175ecabed17cbf7812f7b804b8a315a25f24678bcdf120a90077f", size = 147260 },
    { url = "https://files.pythonhosted.org/packages/a6/e6/8aebae25e328160b20e31a7e9929b1578bbdc7f42e66f46595a432f8539e/charset_normalizer-3.4.2-cp311-cp311-manylinux_2_5_i686.manylinux1_i686.manylinux_2_17_i686.manylinux2014_i686.whl", hash = "sha256:0f5d9ed7f254402c9e7d35d2f5972c9bbea9040e99cd2861bd77dc68263277c7", size = 149164 },
    { url = "https://files.pythonhosted.org/packages/8b/f2/b3c2f07dbcc248805f10e67a0262c93308cfa149a4cd3d1fe01f593e5fd2/charset_normalizer-3.4.2-cp311-cp311-musllinux_1_2_aarch64.whl", hash = "sha256:efd387a49825780ff861998cd959767800d54f8308936b21025326de4b5a42b9", size = 144571 },
    { url = "https://files.pythonhosted.org/packages/60/5b/c3f3a94bc345bc211622ea59b4bed9ae63c00920e2e8f11824aa5708e8b7/charset_normalizer-3.4.2-cp311-cp311-musllinux_1_2_i686.whl", hash = "sha256:f0aa37f3c979cf2546b73e8222bbfa3dc07a641585340179d768068e3455e544", size = 151952 },
    { url = "https://files.pythonhosted.org/packages/e2/4d/ff460c8b474122334c2fa394a3f99a04cf11c646da895f81402ae54f5c42/charset_normalizer-3.4.2-cp311-cp311-musllinux_1_2_ppc64le.whl", hash = "sha256:e70e990b2137b29dc5564715de1e12701815dacc1d056308e2b17e9095372a82", size = 155959 },
    { url = "https://files.pythonhosted.org/packages/a2/2b/b964c6a2fda88611a1fe3d4c400d39c66a42d6c169c924818c848f922415/charset_normalizer-3.4.2-cp311-cp311-musllinux_1_2_s390x.whl", hash = "sha256:0c8c57f84ccfc871a48a47321cfa49ae1df56cd1d965a09abe84066f6853b9c0", size = 153030 },
    { url = "https://files.pythonhosted.org/packages/59/2e/d3b9811db26a5ebf444bc0fa4f4be5aa6d76fc6e1c0fd537b16c14e849b6/charset_normalizer-3.4.2-cp311-cp311-musllinux_1_2_x86_64.whl", hash = "sha256:6b66f92b17849b85cad91259efc341dce9c1af48e2173bf38a85c6329f1033e5", size = 148015 },
    { url = "https://files.pythonhosted.org/packages/90/07/c5fd7c11eafd561bb51220d600a788f1c8d77c5eef37ee49454cc5c35575/charset_normalizer-3.4.2-cp311-cp311-win32.whl", hash = "sha256:daac4765328a919a805fa5e2720f3e94767abd632ae410a9062dff5412bae65a", size = 98106 },
    { url = "https://files.pythonhosted.org/packages/a8/05/5e33dbef7e2f773d672b6d79f10ec633d4a71cd96db6673625838a4fd532/charset_normalizer-3.4.2-cp311-cp311-win_amd64.whl", hash = "sha256:e53efc7c7cee4c1e70661e2e112ca46a575f90ed9ae3fef200f2a25e954f4b28", size = 105402 },
    { url = "https://files.pythonhosted.org/packages/d7/a4/37f4d6035c89cac7930395a35cc0f1b872e652eaafb76a6075943754f095/charset_normalizer-3.4.2-cp312-cp312-macosx_10_13_universal2.whl", hash = "sha256:0c29de6a1a95f24b9a1aa7aefd27d2487263f00dfd55a77719b530788f75cff7", size = 199936 },
    { url = "https://files.pythonhosted.org/packages/ee/8a/1a5e33b73e0d9287274f899d967907cd0bf9c343e651755d9307e0dbf2b3/charset_normalizer-3.4.2-cp312-cp312-manylinux_2_17_aarch64.manylinux2014_aarch64.whl", hash = "sha256:cddf7bd982eaa998934a91f69d182aec997c6c468898efe6679af88283b498d3", size = 143790 },
    { url = "https://files.pythonhosted.org/packages/66/52/59521f1d8e6ab1482164fa21409c5ef44da3e9f653c13ba71becdd98dec3/charset_normalizer-3.4.2-cp312-cp312-manylinux_2_17_ppc64le.manylinux2014_ppc64le.whl", hash = "sha256:fcbe676a55d7445b22c10967bceaaf0ee69407fbe0ece4d032b6eb8d4565982a", size = 153924 },
    { url = "https://files.pythonhosted.org/packages/86/2d/fb55fdf41964ec782febbf33cb64be480a6b8f16ded2dbe8db27a405c09f/charset_normalizer-3.4.2-cp312-cp312-manylinux_2_17_s390x.manylinux2014_s390x.whl", hash = "sha256:d41c4d287cfc69060fa91cae9683eacffad989f1a10811995fa309df656ec214", size = 146626 },
    { url = "https://files.pythonhosted.org/packages/8c/73/6ede2ec59bce19b3edf4209d70004253ec5f4e319f9a2e3f2f15601ed5f7/charset_normalizer-3.4.2-cp312-cp312-manylinux_2_17_x86_64.manylinux2014_x86_64.whl", hash = "sha256:4e594135de17ab3866138f496755f302b72157d115086d100c3f19370839dd3a", size = 148567 },
    { url = "https://files.pythonhosted.org/packages/09/14/957d03c6dc343c04904530b6bef4e5efae5ec7d7990a7cbb868e4595ee30/charset_normalizer-3.4.2-cp312-cp312-manylinux_2_5_i686.manylinux1_i686.manylinux_2_17_i686.manylinux2014_i686.whl", hash = "sha256:cf713fe9a71ef6fd5adf7a79670135081cd4431c2943864757f0fa3a65b1fafd", size = 150957 },
    { url = "https://files.pythonhosted.org/packages/0d/c8/8174d0e5c10ccebdcb1b53cc959591c4c722a3ad92461a273e86b9f5a302/charset_normalizer-3.4.2-cp312-cp312-musllinux_1_2_aarch64.whl", hash = "sha256:a370b3e078e418187da8c3674eddb9d983ec09445c99a3a263c2011993522981", size = 145408 },
    { url = "https://files.pythonhosted.org/packages/58/aa/8904b84bc8084ac19dc52feb4f5952c6df03ffb460a887b42615ee1382e8/charset_normalizer-3.4.2-cp312-cp312-musllinux_1_2_i686.whl", hash = "sha256:a955b438e62efdf7e0b7b52a64dc5c3396e2634baa62471768a64bc2adb73d5c", size = 153399 },
    { url = "https://files.pythonhosted.org/packages/c2/26/89ee1f0e264d201cb65cf054aca6038c03b1a0c6b4ae998070392a3ce605/charset_normalizer-3.4.2-cp312-cp312-musllinux_1_2_ppc64le.whl", hash = "sha256:7222ffd5e4de8e57e03ce2cef95a4c43c98fcb72ad86909abdfc2c17d227fc1b", size = 156815 },
    { url = "https://files.pythonhosted.org/packages/fd/07/68e95b4b345bad3dbbd3a8681737b4338ff2c9df29856a6d6d23ac4c73cb/charset_normalizer-3.4.2-cp312-cp312-musllinux_1_2_s390x.whl", hash = "sha256:bee093bf902e1d8fc0ac143c88902c3dfc8941f7ea1d6a8dd2bcb786d33db03d", size = 154537 },
    { url = "https://files.pythonhosted.org/packages/77/1a/5eefc0ce04affb98af07bc05f3bac9094513c0e23b0562d64af46a06aae4/charset_normalizer-3.4.2-cp312-cp312-musllinux_1_2_x86_64.whl", hash = "sha256:dedb8adb91d11846ee08bec4c8236c8549ac721c245678282dcb06b221aab59f", size = 149565 },
    { url = "https://files.pythonhosted.org/packages/37/a0/2410e5e6032a174c95e0806b1a6585eb21e12f445ebe239fac441995226a/charset_normalizer-3.4.2-cp312-cp312-win32.whl", hash = "sha256:db4c7bf0e07fc3b7d89ac2a5880a6a8062056801b83ff56d8464b70f65482b6c", size = 98357 },
    { url = "https://files.pythonhosted.org/packages/6c/4f/c02d5c493967af3eda9c771ad4d2bbc8df6f99ddbeb37ceea6e8716a32bc/charset_normalizer-3.4.2-cp312-cp312-win_amd64.whl", hash = "sha256:5a9979887252a82fefd3d3ed2a8e3b937a7a809f65dcb1e068b090e165bbe99e", size = 105776 },
    { url = "https://files.pythonhosted.org/packages/ea/12/a93df3366ed32db1d907d7593a94f1fe6293903e3e92967bebd6950ed12c/charset_normalizer-3.4.2-cp313-cp313-macosx_10_13_universal2.whl", hash = "sha256:926ca93accd5d36ccdabd803392ddc3e03e6d4cd1cf17deff3b989ab8e9dbcf0", size = 199622 },
    { url = "https://files.pythonhosted.org/packages/04/93/bf204e6f344c39d9937d3c13c8cd5bbfc266472e51fc8c07cb7f64fcd2de/charset_normalizer-3.4.2-cp313-cp313-manylinux_2_17_aarch64.manylinux2014_aarch64.whl", hash = "sha256:eba9904b0f38a143592d9fc0e19e2df0fa2e41c3c3745554761c5f6447eedabf", size = 143435 },
    { url = "https://files.pythonhosted.org/packages/22/2a/ea8a2095b0bafa6c5b5a55ffdc2f924455233ee7b91c69b7edfcc9e02284/charset_normalizer-3.4.2-cp313-cp313-manylinux_2_17_ppc64le.manylinux2014_ppc64le.whl", hash = "sha256:3fddb7e2c84ac87ac3a947cb4e66d143ca5863ef48e4a5ecb83bd48619e4634e", size = 153653 },
    { url = "https://files.pythonhosted.org/packages/b6/57/1b090ff183d13cef485dfbe272e2fe57622a76694061353c59da52c9a659/charset_normalizer-3.4.2-cp313-cp313-manylinux_2_17_s390x.manylinux2014_s390x.whl", hash = "sha256:98f862da73774290f251b9df8d11161b6cf25b599a66baf087c1ffe340e9bfd1", size = 146231 },
    { url = "https://files.pythonhosted.org/packages/e2/28/ffc026b26f441fc67bd21ab7f03b313ab3fe46714a14b516f931abe1a2d8/charset_normalizer-3.4.2-cp313-cp313-manylinux_2_17_x86_64.manylinux2014_x86_64.whl", hash = "sha256:6c9379d65defcab82d07b2a9dfbfc2e95bc8fe0ebb1b176a3190230a3ef0e07c", size = 148243 },
    { url = "https://files.pythonhosted.org/packages/c0/0f/9abe9bd191629c33e69e47c6ef45ef99773320e9ad8e9cb08b8ab4a8d4cb/charset_normalizer-3.4.2-cp313-cp313-manylinux_2_5_i686.manylinux1_i686.manylinux_2_17_i686.manylinux2014_i686.whl", hash = "sha256:e635b87f01ebc977342e2697d05b56632f5f879a4f15955dfe8cef2448b51691", size = 150442 },
    { url = "https://files.pythonhosted.org/packages/67/7c/a123bbcedca91d5916c056407f89a7f5e8fdfce12ba825d7d6b9954a1a3c/charset_normalizer-3.4.2-cp313-cp313-musllinux_1_2_aarch64.whl", hash = "sha256:1c95a1e2902a8b722868587c0e1184ad5c55631de5afc0eb96bc4b0d738092c0", size = 145147 },
    { url = "https://files.pythonhosted.org/packages/ec/fe/1ac556fa4899d967b83e9893788e86b6af4d83e4726511eaaad035e36595/charset_normalizer-3.4.2-cp313-cp313-musllinux_1_2_i686.whl", hash = "sha256:ef8de666d6179b009dce7bcb2ad4c4a779f113f12caf8dc77f0162c29d20490b", size = 153057 },
    { url = "https://files.pythonhosted.org/packages/2b/ff/acfc0b0a70b19e3e54febdd5301a98b72fa07635e56f24f60502e954c461/charset_normalizer-3.4.2-cp313-cp313-musllinux_1_2_ppc64le.whl", hash = "sha256:32fc0341d72e0f73f80acb0a2c94216bd704f4f0bce10aedea38f30502b271ff", size = 156454 },
    { url = "https://files.pythonhosted.org/packages/92/08/95b458ce9c740d0645feb0e96cea1f5ec946ea9c580a94adfe0b617f3573/charset_normalizer-3.4.2-cp313-cp313-musllinux_1_2_s390x.whl", hash = "sha256:289200a18fa698949d2b39c671c2cc7a24d44096784e76614899a7ccf2574b7b", size = 154174 },
    { url = "https://files.pythonhosted.org/packages/78/be/8392efc43487ac051eee6c36d5fbd63032d78f7728cb37aebcc98191f1ff/charset_normalizer-3.4.2-cp313-cp313-musllinux_1_2_x86_64.whl", hash = "sha256:4a476b06fbcf359ad25d34a057b7219281286ae2477cc5ff5e3f70a246971148", size = 149166 },
    { url = "https://files.pythonhosted.org/packages/44/96/392abd49b094d30b91d9fbda6a69519e95802250b777841cf3bda8fe136c/charset_normalizer-3.4.2-cp313-cp313-win32.whl", hash = "sha256:aaeeb6a479c7667fbe1099af9617c83aaca22182d6cf8c53966491a0f1b7ffb7", size = 98064 },
    { url = "https://files.pythonhosted.org/packages/e9/b0/0200da600134e001d91851ddc797809e2fe0ea72de90e09bec5a2fbdaccb/charset_normalizer-3.4.2-cp313-cp313-win_amd64.whl", hash = "sha256:aa6af9e7d59f9c12b33ae4e9450619cf2488e2bbe9b44030905877f0b2324980", size = 105641 },
    { url = "https://files.pythonhosted.org/packages/20/94/c5790835a017658cbfabd07f3bfb549140c3ac458cfc196323996b10095a/charset_normalizer-3.4.2-py3-none-any.whl", hash = "sha256:7f56930ab0abd1c45cd15be65cc741c28b1c9a34876ce8c17a2fa107810c0af0", size = 52626 },
]

[[package]]
name = "consumer"
version = "0.1.0"
source = { virtual = "." }
dependencies = [
    { name = "duckdb" },
    { name = "fastavro" },
    { name = "kafka-python" },
    { name = "phonenumbers" },
    { name = "python-dateutil" },
    { name = "pyyaml" },
    { name = "requests" },
]

[package.metadata]
requires-dist = [
    { name = "duckdb", specifier = ">=1.2.2" },
    { name = "fastavro", specifier = ">=1.10.0" },
    { name = "kafka-python", specifier = ">=2.2.6" },
    { name = "phonenumbers", specifier = ">=9.0.5" },
    { name = "python-dateutil", specifier = ">=2.9.0.post0" },
    { name = "pyyaml", specifier = ">=6.0.2" },
    { name = "requests", specifier = ">=2.32.3" },
]

[[package]]
name = "duckdb"
version = "1.2.2"
source = { registry = "https://pypi.org/simple" }
sdist = { url = "https://files.pythonhosted.org/packages/28/b8/0f86278684fb7a1fac7c0c869fc6d68ed005cdc91c963eb4373e0551bc0a/duckdb-1.2.2.tar.gz", hash = "sha256:1e53555dece49201df08645dbfa4510c86440339889667702f936b7d28d39e43", size = 11595514 }
wheels = [
    { url = "https://files.pythonhosted.org/packages/c1/41/78c63937a4f7a5de7d128203c567303d4813c1109b7d17e6b3959f0882e1/duckdb-1.2.2-cp311-cp311-macosx_12_0_arm64.whl", hash = "sha256:081110ffbc9d53c9740ef55482c93b97db2f8030d681d1658827d2e94f77da03", size = 15258298 },
    { url = "https://files.pythonhosted.org/packages/94/b2/91d983ecd67a1b87343e98395ffe7d77c996e1798c1bab339beed4680693/duckdb-1.2.2-cp311-cp311-macosx_12_0_universal2.whl", hash = "sha256:53a154dbc074604036a537784ce5d1468edf263745a4363ca06fdb922f0d0a99", size = 31933969 },
    { url = "https://files.pythonhosted.org/packages/ad/12/4737b682cbc1b4778ffb37e4f4cdb603676c50aec89d6c9781ec29d3e904/duckdb-1.2.2-cp311-cp311-macosx_12_0_x86_64.whl", hash = "sha256:0353f80882c066f7b14451852395b7a360f3d4846a10555c4268eb49144ea11c", size = 16784775 },
    { url = "https://files.pythonhosted.org/packages/71/be/dfb52b579a0b82aa92993aecc100bd951d0bd1850c6a8d47c68953a9de62/duckdb-1.2.2-cp311-cp311-manylinux_2_17_aarch64.manylinux2014_aarch64.whl", hash = "sha256:b134a5002757af1ae44a9ae26c2fe963ffa09eb47a62779ce0c5eeb44bfc2f28", size = 18731124 },
    { url = "https://files.pythonhosted.org/packages/ca/49/153dd6289a3d06e87c3199a5547ccc04c574d167d7f85c1a8196218bf040/duckdb-1.2.2-cp311-cp311-manylinux_2_17_x86_64.manylinux2014_x86_64.whl", hash = "sha256:fd9c434127fd1575694e1cf19a393bed301f5d6e80b4bcdae80caa368a61a678", size = 20199712 },
    { url = "https://files.pythonhosted.org/packages/97/ce/f27a7b735a8abb04e2c1efcc05178e25e455539c74d70f76c2845bae8473/duckdb-1.2.2-cp311-cp311-manylinux_2_24_aarch64.manylinux_2_28_aarch64.whl", hash = "sha256:890f58855d127c25bc3a53f4c24b27e79391c4468c4fcc99bc10d87b5d4bd1c4", size = 18739966 },
    { url = "https://files.pythonhosted.org/packages/d8/f2/a8066267eb5fcd1f535776efde29b6d0fa678d978a7de73f47bc59cc940d/duckdb-1.2.2-cp311-cp311-musllinux_1_2_x86_64.whl", hash = "sha256:9a5002305cdd4e76c94b61b50abc5e3f4e32c9cb81116960bb4b74acbbc9c6c8", size = 22255946 },
    { url = "https://files.pythonhosted.org/packages/df/74/8a05ef00c554882d8300c2c261e8f7e7ead74e2b3ff66059599ff2646cf4/duckdb-1.2.2-cp311-cp311-win_amd64.whl", hash = "sha256:cdb9999c6a109aa31196cdd22fc58a810a3d35d08181a25d1bf963988e89f0a5", size = 11368173 },
    { url = "https://files.pythonhosted.org/packages/77/25/549f68e55e1b455bd2daf2e5fc912000a3139fe0395111b3d49b23a2cec1/duckdb-1.2.2-cp312-cp312-macosx_12_0_arm64.whl", hash = "sha256:f745379f44ad302560688855baaed9739c03b37a331338eda6a4ac655e4eb42f", size = 15271882 },
    { url = "https://files.pythonhosted.org/packages/f6/84/13de7bf9056dcc7a346125d9a9f0f26f76c633db6b54052738f78f828538/duckdb-1.2.2-cp312-cp312-macosx_12_0_universal2.whl", hash = "sha256:087713fc5958cae5eb59097856b3deaae0def021660c8f2052ec83fa8345174a", size = 31964873 },
    { url = "https://files.pythonhosted.org/packages/0f/53/c8d2d56a801b7843ea87f8533a3634e6b38f06910098a266f8a096bd4c61/duckdb-1.2.2-cp312-cp312-macosx_12_0_x86_64.whl", hash = "sha256:a1f96395319c447a31b9477881bd84b4cb8323d6f86f21ceaef355d22dd90623", size = 16800653 },
    { url = "https://files.pythonhosted.org/packages/bb/36/e25791d879fb93b92a56bf481ce11949ab19109103ae2ba12d64e49355d9/duckdb-1.2.2-cp312-cp312-manylinux_2_17_aarch64.manylinux2014_aarch64.whl", hash = "sha256:6aba3bc0acf4f8d52b94f7746c3b0007b78b517676d482dc516d63f48f967baf", size = 18735524 },
    { url = "https://files.pythonhosted.org/packages/d7/46/4745aa10a1e460f4c8b473eddaffe2c783ac5280e1e5929dd84bd1a1acde/duckdb-1.2.2-cp312-cp312-manylinux_2_17_x86_64.manylinux2014_x86_64.whl", hash = "sha256:e5c1556775a9ebaa49b5c8d64718f155ac3e05b34a49e9c99443cf105e8b0371", size = 20210314 },
    { url = "https://files.pythonhosted.org/packages/ff/0d/8563fc5ece36252e3d07dd3d29c7a0a034dcf62f14bed7cdc016d95adcbe/duckdb-1.2.2-cp312-cp312-manylinux_2_24_aarch64.manylinux_2_28_aarch64.whl", hash = "sha256:d625cc7d2faacfb2fc83ebbe001ae75dda175b3d8dce6a51a71c199ffac3627a", size = 18755134 },
    { url = "https://files.pythonhosted.org/packages/11/f1/b7ade7d980eee4fb3ad7469ccf23adb3668a9a28cf3989b24418392d3786/duckdb-1.2.2-cp312-cp312-musllinux_1_2_x86_64.whl", hash = "sha256:73263f81545c5cb4360fbaf7b22a493e55ddf88fadbe639c43efb7bc8d7554c4", size = 22294397 },
    { url = "https://files.pythonhosted.org/packages/eb/c9/896e8ced7b408df81e015fe0c6497cda46c92d9dfc8bf84b6d13f5dad473/duckdb-1.2.2-cp312-cp312-win_amd64.whl", hash = "sha256:b1c0c4d737fd2ab9681e4e78b9f361e0a827916a730e84fa91e76dca451b14d5", size = 11370381 },
    { url = "https://files.pythonhosted.org/packages/41/31/5e2f68cbd000137f6ed52092ad83a8e9c09eca70c59e0b4c5eb679709997/duckdb-1.2.2-cp313-cp313-macosx_12_0_arm64.whl", hash = "sha256:fb9a2c77236fae079185a990434cb9d8432902488ba990235c702fc2692d2dcd", size = 15272507 },
    { url = "https://files.pythonhosted.org/packages/d2/15/aa9078fc897e744e077c0c1510e34db4c809de1d51ddb5cb62e1f9c61312/duckdb-1.2.2-cp313-cp313-macosx_12_0_universal2.whl", hash = "sha256:d8bb89e580cb9a3aaf42e4555bf265d3db9446abfb118e32150e1a5dfa4b5b15", size = 31965548 },
    { url = "https://files.pythonhosted.org/packages/9f/28/943773d44fd97055c59b58dde9182733661c2b6e3b3549f15dc26b2e139e/duckdb-1.2.2-cp313-cp313-macosx_12_0_x86_64.whl", hash = "sha256:88916d7f0532dc926bed84b50408c00dcbe6d2097d0de93c3ff647d8d57b4f83", size = 16800600 },
    { url = "https://files.pythonhosted.org/packages/39/51/2caf01e7791e490290798c8c155d4d702ed61d69e815915b42e72b3e7473/duckdb-1.2.2-cp313-cp313-manylinux_2_17_aarch64.manylinux2014_aarch64.whl", hash = "sha256:30bece4f58a6c7bb0944a02dd1dc6de435a9daf8668fa31a9fe3a9923b20bd65", size = 18735886 },
    { url = "https://files.pythonhosted.org/packages/87/0c/48ae1d485725af3a452303af409a9022d751ecab260cb9ca2f8c9fb670bc/duckdb-1.2.2-cp313-cp313-manylinux_2_17_x86_64.manylinux2014_x86_64.whl", hash = "sha256:2bd2c6373b8b54474724c2119f6939c4568c428e1d0be5bcb1f4e3d7f1b7c8bb", size = 20210481 },
    { url = "https://files.pythonhosted.org/packages/69/c7/95fcd7bde0f754ea6700208d36b845379cbd2b28779c0eff4dd4a7396369/duckdb-1.2.2-cp313-cp313-manylinux_2_24_aarch64.manylinux_2_28_aarch64.whl", hash = "sha256:72f688a8b0df7030c5a28ca6072817c1f090979e08d28ee5912dee37c26a7d0c", size = 18756619 },
    { url = "https://files.pythonhosted.org/packages/ad/1b/c9eab9e84d4a70dd5f7e2a93dd6e9d7b4d868d3df755cd58b572d82d6c5d/duckdb-1.2.2-cp313-cp313-musllinux_1_2_x86_64.whl", hash = "sha256:26e9c349f56f7c99341b5c79bbaff5ba12a5414af0261e79bf1a6a2693f152f6", size = 22294667 },
    { url = "https://files.pythonhosted.org/packages/3f/3d/ce68db53084746a4a62695a4cb064e44ce04123f8582bb3afbf6ee944e16/duckdb-1.2.2-cp313-cp313-win_amd64.whl", hash = "sha256:e1aec7102670e59d83512cf47d32a6c77a79df9df0294c5e4d16b6259851e2e9", size = 11370206 },
]

[[package]]
name = "fastavro"
version = "1.10.0"
source = { registry = "https://pypi.org/simple" }
sdist = { url = "https://files.pythonhosted.org/packages/f3/67/7121d2221e998706cac00fa779ec44c1c943cb65e8a7ed1bd57d78d93f2c/fastavro-1.10.0.tar.gz", hash = "sha256:47bf41ac6d52cdfe4a3da88c75a802321321b37b663a900d12765101a5d6886f", size = 987970 }
wheels = [
    { url = "https://files.pythonhosted.org/packages/ac/bf/e7e8e0f841e608dc6f78c746ef2d971fb1f6fe8a9a428d0731ef0abf8b59/fastavro-1.10.0-cp311-cp311-macosx_10_9_universal2.whl", hash = "sha256:d183c075f527ab695a27ae75f210d4a86bce660cda2f85ae84d5606efc15ef50", size = 1040292 },
    { url = "https://files.pythonhosted.org/packages/3a/96/43a65881f061bc5ec6dcf39e59f639a7344e822d4caadae748d076aaf4d0/fastavro-1.10.0-cp311-cp311-manylinux_2_17_aarch64.manylinux2014_aarch64.whl", hash = "sha256:d7a95a2c0639bffd7c079b59e9a796bfc3a9acd78acff7088f7c54ade24e4a77", size = 3312624 },
    { url = "https://files.pythonhosted.org/packages/c8/45/dba0cc08cf42500dd0f1e552e0fefe1cd81c47099d99277828a1081cbd87/fastavro-1.10.0-cp311-cp311-manylinux_2_17_x86_64.manylinux2014_x86_64.whl", hash = "sha256:0a678153b5da1b024a32ec3f611b2e7afd24deac588cb51dd1b0019935191a6d", size = 3334284 },
    { url = "https://files.pythonhosted.org/packages/76/e3/3d9b0824e2e2da56e6a435a70a4db7ed801136daa451577a819bbedc6cf8/fastavro-1.10.0-cp311-cp311-musllinux_1_2_aarch64.whl", hash = "sha256:67a597a5cfea4dddcf8b49eaf8c2b5ffee7fda15b578849185bc690ec0cd0d8f", size = 3283647 },
    { url = "https://files.pythonhosted.org/packages/a1/dc/83d985f8212194e8283ebae86491fccde8710fd81d81ef8659e5373f4f1b/fastavro-1.10.0-cp311-cp311-musllinux_1_2_x86_64.whl", hash = "sha256:1fd689724760b17f69565d8a4e7785ed79becd451d1c99263c40cb2d6491f1d4", size = 3419520 },
    { url = "https://files.pythonhosted.org/packages/fd/7f/21711a9ec9937c84406e0773ba3fc6f8d66389a364da46618706f9c37d30/fastavro-1.10.0-cp311-cp311-win_amd64.whl", hash = "sha256:4f949d463f9ac4221128a51e4e34e2562f401e5925adcadfd28637a73df6c2d8", size = 499750 },
    { url = "https://files.pythonhosted.org/packages/9c/a4/8e69c0a5cd121e5d476237de1bde5a7947f791ae45768ae52ed0d3ea8d18/fastavro-1.10.0-cp312-cp312-macosx_10_13_universal2.whl", hash = "sha256:cfe57cb0d72f304bd0dcc5a3208ca6a7363a9ae76f3073307d095c9d053b29d4", size = 1036343 },
    { url = "https://files.pythonhosted.org/packages/1e/01/aa219e2b33e5873d27b867ec0fad9f35f23d461114e1135a7e46c06786d2/fastavro-1.10.0-cp312-cp312-manylinux_2_17_aarch64.manylinux2014_aarch64.whl", hash = "sha256:74e517440c824cb65fb29d3e3903a9406f4d7c75490cef47e55c4c82cdc66270", size = 3263368 },
    { url = "https://files.pythonhosted.org/packages/a7/ba/1766e2d7d95df2e95e9e9a089dc7a537c0616720b053a111a918fa7ee6b6/fastavro-1.10.0-cp312-cp312-manylinux_2_17_x86_64.manylinux2014_x86_64.whl", hash = "sha256:203c17d44cadde76e8eecb30f2d1b4f33eb478877552d71f049265dc6f2ecd10", size = 3328933 },
    { url = "https://files.pythonhosted.org/packages/2e/40/26e56696b9696ab4fbba25a96b8037ca3f9fd8a8cc55b4b36400ef023e49/fastavro-1.10.0-cp312-cp312-musllinux_1_2_aarch64.whl", hash = "sha256:6575be7f2b5f94023b5a4e766b0251924945ad55e9a96672dc523656d17fe251", size = 3258045 },
    { url = "https://files.pythonhosted.org/packages/4e/bc/2f6c92c06c5363372abe828bccdd95762f2c1983b261509f94189c38c8a1/fastavro-1.10.0-cp312-cp312-musllinux_1_2_x86_64.whl", hash = "sha256:fe471deb675ed2f01ee2aac958fbf8ebb13ea00fa4ce7f87e57710a0bc592208", size = 3418001 },
    { url = "https://files.pythonhosted.org/packages/0c/ce/cfd16546c04ebbca1be80873b533c788cec76f7bfac231bfac6786047572/fastavro-1.10.0-cp312-cp312-win_amd64.whl", hash = "sha256:567ff515f2a5d26d9674b31c95477f3e6022ec206124c62169bc2ffaf0889089", size = 487855 },
    { url = "https://files.pythonhosted.org/packages/c9/c4/163cf154cc694c2dccc70cd6796db6214ac668a1260bf0310401dad188dc/fastavro-1.10.0-cp313-cp313-macosx_10_13_universal2.whl", hash = "sha256:82263af0adfddb39c85f9517d736e1e940fe506dfcc35bc9ab9f85e0fa9236d8", size = 1022741 },
    { url = "https://files.pythonhosted.org/packages/38/01/a24598f5f31b8582a92fe9c41bf91caeed50d5b5eaa7576e6f8b23cb488d/fastavro-1.10.0-cp313-cp313-manylinux_2_17_aarch64.manylinux2014_aarch64.whl", hash = "sha256:566c193109ff0ff84f1072a165b7106c4f96050078a4e6ac7391f81ca1ef3efa", size = 3237421 },
    { url = "https://files.pythonhosted.org/packages/a7/bf/08bcf65cfb7feb0e5b1329fafeb4a9b95b7b5ec723ba58c7dbd0d04ded34/fastavro-1.10.0-cp313-cp313-manylinux_2_17_x86_64.manylinux2014_x86_64.whl", hash = "sha256:e400d2e55d068404d9fea7c5021f8b999c6f9d9afa1d1f3652ec92c105ffcbdd", size = 3300222 },
    { url = "https://files.pythonhosted.org/packages/53/4d/a6c25f3166328f8306ec2e6be1123ed78a55b8ab774a43a661124508881f/fastavro-1.10.0-cp313-cp313-musllinux_1_2_aarch64.whl", hash = "sha256:9b8227497f71565270f9249fc9af32a93644ca683a0167cfe66d203845c3a038", size = 3233276 },
    { url = "https://files.pythonhosted.org/packages/47/1c/b2b2ce2bf866a248ae23e96a87b3b8369427ff79be9112073039bee1d245/fastavro-1.10.0-cp313-cp313-musllinux_1_2_x86_64.whl", hash = "sha256:8e62d04c65461b30ac6d314e4197ad666371e97ae8cb2c16f971d802f6c7f514", size = 3388936 },
    { url = "https://files.pythonhosted.org/packages/1f/2c/43927e22a2d57587b3aa09765098a6d833246b672d34c10c5f135414745a/fastavro-1.10.0-cp313-cp313-win_amd64.whl", hash = "sha256:86baf8c9740ab570d0d4d18517da71626fe9be4d1142bea684db52bd5adb078f", size = 483967 },
]

[[package]]
name = "idna"
version = "3.10"
source = { registry = "https://pypi.org/simple" }
sdist = { url = "https://files.pythonhosted.org/packages/f1/70/7703c29685631f5a7590aa73f1f1d3fa9a380e654b86af429e0934a32f7d/idna-3.10.tar.gz", hash = "sha256:12f65c9b470abda6dc35cf8e63cc574b1c52b11df2c86030af0ac09b01b13ea9", size = 190490 }
wheels = [
    { url = "https://files.pythonhosted.org/packages/76/c6/c88e154df9c4e1a2a66ccf0005a88dfb2650c1dffb6f5ce603dfbd452ce3/idna-3.10-py3-none-any.whl", hash = "sha256:946d195a0d259cbba61165e88e65941f16e9b36ea6ddb97f00452bae8b1287d3", size = 70442 },
]

[[package]]
name = "kafka-python"
version = "2.2.6"
source = { registry = "https://pypi.org/simple" }
sdist = { url = "https://files.pythonhosted.org/packages/81/e1/e84f846614195c01c9e98db6e58bd18eaa7baaa01e78d95b0522d03e8c66/kafka_python-2.2.6.tar.gz", hash = "sha256:b18a15e614864afedd514cc75f203cc3555bb85b915326c9fce0e49a80ca441f", size = 345160 }
wheels = [
    { url = "https://files.pythonhosted.org/packages/ea/f4/fb2f88fa3ee67328f69c08e8e45591a5afb39c6d32b5e69f484a41d94a2d/kafka_python-2.2.6-py2.py3-none-any.whl", hash = "sha256:bacc5b00ddcfd79a33d761553dbf3e262389865432b51310e12399fac66f3c99", size = 308239 },
]

[[package]]
name = "phonenumbers"
version = "9.0.5"
source = { registry = "https://pypi.org/simple" }
sdist = { url = "https://files.pythonhosted.org/packages/49/3f/3c0ae68353f4cd58ef2d683c2d3f343e1804118c27216495f80c7e4eb6b3/phonenumbers-9.0.5.tar.gz", hash = "sha256:70fde168a92dd9c73f57872359515181d6cde6bb8e7ec5660e94c4ca45692c50", size = 2296916 }
wheels = [
    { url = "https://files.pythonhosted.org/packages/43/b2/1fba8f2aa0a54450a53e88f59e39d58a611438919e3a7623641558bc77f9/phonenumbers-9.0.5-py2.py3-none-any.whl", hash = "sha256:7acef19817868a6f9cbc0d628dc5ad447b3768137e3d53c70dd6827a1ac040ba", size = 2582730 },
]

[[package]]
name = "python-dateutil"
version = "2.9.0.post0"
source = { registry = "https://pypi.org/simple" }
dependencies = [
    { name = "six" },
]
sdist = { url = "https://files.pythonhosted.org/packages/66/c0/0c8b6ad9f17a802ee498c46e004a0eb49bc148f2fd230864601a86dcf6db/python-dateutil-2.9.0.post0.tar.gz", hash = "sha256:37dd54208da7e1cd875388217d5e00ebd4179249f90fb72437e91a35459a0ad3", size = 342432 }
wheels = [
    { url = "https://files.pythonhosted.org/packages/ec/57/56b9bcc3c9c6a792fcbaf139543cee77261f3651ca9da0c93f5c1221264b/python_dateutil-2.9.0.post0-py2.py3-none-any.whl", hash = "sha256:a8b2bc7bffae282281c8140a97d3aa9c14da0b136dfe83f850eea9a5f7470427", size = 229892 },
]

[[package]]
name = "pyyaml"
version = "6.0.2"
source = { registry = "https://pypi.org/simple" }
sdist = { url = "https://files.pythonhosted.org/packages/54/ed/79a089b6be93607fa5cdaedf301d7dfb23af5f25c398d5ead2525b063e17/pyyaml-6.0.2.tar.gz", hash = "sha256:d584d9ec91ad65861cc08d42e834324ef890a082e591037abe114850ff7bbc3e", size = 130631 }
wheels = [
    { url = "https://files.pythonhosted.org/packages/f8/aa/7af4e81f7acba21a4c6be026da38fd2b872ca46226673c89a758ebdc4fd2/PyYAML-6.0.2-cp311-cp311-macosx_10_9_x86_64.whl", hash = "sha256:cc1c1159b3d456576af7a3e4d1ba7e6924cb39de8f67111c735f6fc832082774", size = 184612 },
    { url = "https://files.pythonhosted.org/packages/8b/62/b9faa998fd185f65c1371643678e4d58254add437edb764a08c5a98fb986/PyYAML-6.0.2-cp311-cp311-macosx_11_0_arm64.whl", hash = "sha256:1e2120ef853f59c7419231f3bf4e7021f1b936f6ebd222406c3b60212205d2ee", size = 172040 },
    { url = "https://files.pythonhosted.org/packages/ad/0c/c804f5f922a9a6563bab712d8dcc70251e8af811fce4524d57c2c0fd49a4/PyYAML-6.0.2-cp311-cp311-manylinux_2_17_aarch64.manylinux2014_aarch64.whl", hash = "sha256:5d225db5a45f21e78dd9358e58a98702a0302f2659a3c6cd320564b75b86f47c", size = 736829 },
    { url = "https://files.pythonhosted.org/packages/51/16/6af8d6a6b210c8e54f1406a6b9481febf9c64a3109c541567e35a49aa2e7/PyYAML-6.0.2-cp311-cp311-manylinux_2_17_s390x.manylinux2014_s390x.whl", hash = "sha256:5ac9328ec4831237bec75defaf839f7d4564be1e6b25ac710bd1a96321cc8317", size = 764167 },
    { url = "https://files.pythonhosted.org/packages/75/e4/2c27590dfc9992f73aabbeb9241ae20220bd9452df27483b6e56d3975cc5/PyYAML-6.0.2-cp311-cp311-manylinux_2_17_x86_64.manylinux2014_x86_64.whl", hash = "sha256:3ad2a3decf9aaba3d29c8f537ac4b243e36bef957511b4766cb0057d32b0be85", size = 762952 },
    { url = "https://files.pythonhosted.org/packages/9b/97/ecc1abf4a823f5ac61941a9c00fe501b02ac3ab0e373c3857f7d4b83e2b6/PyYAML-6.0.2-cp311-cp311-musllinux_1_1_aarch64.whl", hash = "sha256:ff3824dc5261f50c9b0dfb3be22b4567a6f938ccce4587b38952d85fd9e9afe4", size = 735301 },
    { url = "https://files.pythonhosted.org/packages/45/73/0f49dacd6e82c9430e46f4a027baa4ca205e8b0a9dce1397f44edc23559d/PyYAML-6.0.2-cp311-cp311-musllinux_1_1_x86_64.whl", hash = "sha256:797b4f722ffa07cc8d62053e4cff1486fa6dc094105d13fea7b1de7d8bf71c9e", size = 756638 },
    { url = "https://files.pythonhosted.org/packages/22/5f/956f0f9fc65223a58fbc14459bf34b4cc48dec52e00535c79b8db361aabd/PyYAML-6.0.2-cp311-cp311-win32.whl", hash = "sha256:11d8f3dd2b9c1207dcaf2ee0bbbfd5991f571186ec9cc78427ba5bd32afae4b5", size = 143850 },
    { url = "https://files.pythonhosted.org/packages/ed/23/8da0bbe2ab9dcdd11f4f4557ccaf95c10b9811b13ecced089d43ce59c3c8/PyYAML-6.0.2-cp311-cp311-win_amd64.whl", hash = "sha256:e10ce637b18caea04431ce14fabcf5c64a1c61ec9c56b071a4b7ca131ca52d44", size = 161980 },
    { url = "https://files.pythonhosted.org/packages/86/0c/c581167fc46d6d6d7ddcfb8c843a4de25bdd27e4466938109ca68492292c/PyYAML-6.0.2-cp312-cp312-macosx_10_9_x86_64.whl", hash = "sha256:c70c95198c015b85feafc136515252a261a84561b7b1d51e3384e0655ddf25ab", size = 183873 },
    { url = "https://files.pythonhosted.org/packages/a8/0c/38374f5bb272c051e2a69281d71cba6fdb983413e6758b84482905e29a5d/PyYAML-6.0.2-cp312-cp312-macosx_11_0_arm64.whl", hash = "sha256:ce826d6ef20b1bc864f0a68340c8b3287705cae2f8b4b1d932177dcc76721725", size = 173302 },
    { url = "https://files.pythonhosted.org/packages/c3/93/9916574aa8c00aa06bbac729972eb1071d002b8e158bd0e83a3b9a20a1f7/PyYAML-6.0.2-cp312-cp312-manylinux_2_17_aarch64.manylinux2014_aarch64.whl", hash = "sha256:1f71ea527786de97d1a0cc0eacd1defc0985dcf6b3f17bb77dcfc8c34bec4dc5", size = 739154 },
    { url = "https://files.pythonhosted.org/packages/95/0f/b8938f1cbd09739c6da569d172531567dbcc9789e0029aa070856f123984/PyYAML-6.0.2-cp312-cp312-manylinux_2_17_s390x.manylinux2014_s390x.whl", hash = "sha256:9b22676e8097e9e22e36d6b7bda33190d0d400f345f23d4065d48f4ca7ae0425", size = 766223 },
    { url = "https://files.pythonhosted.org/packages/b9/2b/614b4752f2e127db5cc206abc23a8c19678e92b23c3db30fc86ab731d3bd/PyYAML-6.0.2-cp312-cp312-manylinux_2_17_x86_64.manylinux2014_x86_64.whl", hash = "sha256:80bab7bfc629882493af4aa31a4cfa43a4c57c83813253626916b8c7ada83476", size = 767542 },
    { url = "https://files.pythonhosted.org/packages/d4/00/dd137d5bcc7efea1836d6264f049359861cf548469d18da90cd8216cf05f/PyYAML-6.0.2-cp312-cp312-musllinux_1_1_aarch64.whl", hash = "sha256:0833f8694549e586547b576dcfaba4a6b55b9e96098b36cdc7ebefe667dfed48", size = 731164 },
    { url = "https://files.pythonhosted.org/packages/c9/1f/4f998c900485e5c0ef43838363ba4a9723ac0ad73a9dc42068b12aaba4e4/PyYAML-6.0.2-cp312-cp312-musllinux_1_1_x86_64.whl", hash = "sha256:8b9c7197f7cb2738065c481a0461e50ad02f18c78cd75775628afb4d7137fb3b", size = 756611 },
    { url = "https://files.pythonhosted.org/packages/df/d1/f5a275fdb252768b7a11ec63585bc38d0e87c9e05668a139fea92b80634c/PyYAML-6.0.2-cp312-cp312-win32.whl", hash = "sha256:ef6107725bd54b262d6dedcc2af448a266975032bc85ef0172c5f059da6325b4", size = 140591 },
    { url = "https://files.pythonhosted.org/packages/0c/e8/4f648c598b17c3d06e8753d7d13d57542b30d56e6c2dedf9c331ae56312e/PyYAML-6.0.2-cp312-cp312-win_amd64.whl", hash = "sha256:7e7401d0de89a9a855c839bc697c079a4af81cf878373abd7dc625847d25cbd8", size = 156338 },
    { url = "https://files.pythonhosted.org/packages/ef/e3/3af305b830494fa85d95f6d95ef7fa73f2ee1cc8ef5b495c7c3269fb835f/PyYAML-6.0.2-cp313-cp313-macosx_10_13_x86_64.whl", hash = "sha256:efdca5630322a10774e8e98e1af481aad470dd62c3170801852d752aa7a783ba", size = 181309 },
    { url = "https://files.pythonhosted.org/packages/45/9f/3b1c20a0b7a3200524eb0076cc027a970d320bd3a6592873c85c92a08731/PyYAML-6.0.2-cp313-cp313-macosx_11_0_arm64.whl", hash = "sha256:50187695423ffe49e2deacb8cd10510bc361faac997de9efef88badc3bb9e2d1", size = 171679 },
    { url = "https://files.pythonhosted.org/packages/7c/9a/337322f27005c33bcb656c655fa78325b730324c78620e8328ae28b64d0c/PyYAML-6.0.2-cp313-cp313-manylinux_2_17_aarch64.manylinux2014_aarch64.whl", hash = "sha256:0ffe8360bab4910ef1b9e87fb812d8bc0a308b0d0eef8c8f44e0254ab3b07133", size = 733428 },
    { url = "https://files.pythonhosted.org/packages/a3/69/864fbe19e6c18ea3cc196cbe5d392175b4cf3d5d0ac1403ec3f2d237ebb5/PyYAML-6.0.2-cp313-cp313-manylinux_2_17_s390x.manylinux2014_s390x.whl", hash = "sha256:17e311b6c678207928d649faa7cb0d7b4c26a0ba73d41e99c4fff6b6c3276484", size = 763361 },
    { url = "https://files.pythonhosted.org/packages/04/24/b7721e4845c2f162d26f50521b825fb061bc0a5afcf9a386840f23ea19fa/PyYAML-6.0.2-cp313-cp313-manylinux_2_17_x86_64.manylinux2014_x86_64.whl", hash = "sha256:70b189594dbe54f75ab3a1acec5f1e3faa7e8cf2f1e08d9b561cb41b845f69d5", size = 759523 },
    { url = "https://files.pythonhosted.org/packages/2b/b2/e3234f59ba06559c6ff63c4e10baea10e5e7df868092bf9ab40e5b9c56b6/PyYAML-6.0.2-cp313-cp313-musllinux_1_1_aarch64.whl", hash = "sha256:41e4e3953a79407c794916fa277a82531dd93aad34e29c2a514c2c0c5fe971cc", size = 726660 },
    { url = "https://files.pythonhosted.org/packages/fe/0f/25911a9f080464c59fab9027482f822b86bf0608957a5fcc6eaac85aa515/PyYAML-6.0.2-cp313-cp313-musllinux_1_1_x86_64.whl", hash = "sha256:68ccc6023a3400877818152ad9a1033e3db8625d899c72eacb5a668902e4d652", size = 751597 },
    { url = "https://files.pythonhosted.org/packages/14/0d/e2c3b43bbce3cf6bd97c840b46088a3031085179e596d4929729d8d68270/PyYAML-6.0.2-cp313-cp313-win32.whl", hash = "sha256:bc2fa7c6b47d6bc618dd7fb02ef6fdedb1090ec036abab80d4681424b84c1183", size = 140527 },
    { url = "https://files.pythonhosted.org/packages/fa/de/02b54f42487e3d3c6efb3f89428677074ca7bf43aae402517bc7cca949f3/PyYAML-6.0.2-cp313-cp313-win_amd64.whl", hash = "sha256:8388ee1976c416731879ac16da0aff3f63b286ffdd57cdeb95f3f2e085687563", size = 156446 },
]

[[package]]
name = "requests"
version = "2.32.3"
source = { registry = "https://pypi.org/simple" }
dependencies = [
    { name = "certifi" },
    { name = "charset-normalizer" },
    { name = "idna" },
    { name = "urllib3" },
]
sdist = { url = "https://files.pythonhosted.org/packages/63/70/2bf7780ad2d390a8d301ad0b550f1581eadbd9a20f896afe06353c2a2913/requests-2.32.3.tar.gz", hash = "sha256:55365417734eb18255590a9ff9eb97e9e1da868d4ccd6402399eaf68af20a760", size = 131218 }
wheels = [
    { url = "https://files.pythonhosted.org/packages/f9/9b/335f9764261e915ed497fcdeb11df5dfd6f7bf257d4a6a2a686d80da4d54/requests-2.32.3-py3-none-any.whl", hash = "sha256:70761cfe03c773ceb22aa2f671b4757976145175cdfca038c02654d061d6dcc6", size = 64928 },
]

[[package]]
name = "six"
version = "1.17.0"
source = { registry = "https://pypi.org/simple" }
sdist = { url = "https://files.pythonhosted.org/packages/94/e7/b2c673351809dca68a0e064b6af791aa332cf192da575fd474ed7d6f16a2/six-1.17.0.tar.gz", hash = "sha256:ff70335d468e7eb6ec65b95b99d3a2836546063f63acc5171de367e834932a81", size = 34031 }
wheels = [
    { url = "https://files.pythonhosted.org/packages/b7/ce/149a00dd41f10bc29e5921b496af8b574d8413afcd5e30dfa0ed46c2cc5e/six-1.17.0-py2.py3-none-any.whl", hash = "sha256:4721f391ed90541fddacab5acf947aa0d3dc7d27b2e1e8eda2be8970586c3274", size = 11050 },
]

[[package]]
name = "urllib3"
version = "2.4.0"
source = { registry = "https://pypi.org/simple" }
sdist = { url = "https://files.pythonhosted.org/packages/8a/78/16493d9c386d8e60e442a35feac5e00f0913c0f4b7c217c11e8ec2ff53e0/urllib3-2.4.0.tar.gz", hash = "sha256:414bc6535b787febd7567804cc015fee39daab8ad86268f1310a9250697de466", size = 390672 }
wheels = [
    { url = "https://files.pythonhosted.org/packages/6b/11/cc635220681e93a0183390e26485430ca2c7b5f9d33b15c74c2861cb8091/urllib3-2.4.0-py3-none-any.whl", hash = "sha256:4e16665048960a0900c702d4a66415956a584919c03361cac9f1df5c5dd7e813", size = 128680 },
]
